
Microsoft Visual Studio Solution File, Format Version 12.00
# Visual Studio Version 16
VisualStudioVersion = 16.0.29409.12
MinimumVisualStudioVersion = 10.0.40219.1
Project("{FAE04EC0-301F-11D3-BF4B-00C04F79EFBC}") = "PassionProject", "PassionProject\PassionProject.csproj", "{3CA11C96-7C74-46DA-97DE-BCA1F0A487AD}"
EndProject
Global
	GlobalSection(SolutionConfigurationPlatforms) = preSolution
		Debug|Any CPU = Debug|Any CPU
		Release|Any CPU = Release|Any CPU
	EndGlobalSection
	GlobalSection(ProjectConfigurationPlatforms) = postSolution
		{3CA11C96-7C74-46DA-97DE-BCA1F0A487AD}.Debug|Any CPU.ActiveCfg = Debug|Any CPU
		{3CA11C96-7C74-46DA-97DE-BCA1F0A487AD}.Debug|Any CPU.Build.0 = Debug|Any CPU
		{3CA11C96-7C74-46DA-97DE-BCA1F0A487AD}.Release|Any CPU.ActiveCfg = Release|Any CPU
		{3CA11C96-7C74-46DA-97DE-BCA1F0A487AD}.Release|Any CPU.Build.0 = Release|Any CPU
	EndGlobalSection
	GlobalSection(SolutionProperties) = preSolution
		HideSolutionNode = FALSE
	EndGlobalSection
	GlobalSection(ExtensibilityGlobals) = postSolution
		SolutionGuid = {B706F468-6187-48BD-A45A-9FBBA3D703DB}
	EndGlobalSection
EndGlobal
